
Microsoft Visual Studio Solution File, Format Version 12.00
# Visual Studio Version 17
VisualStudioVersion = 17.11.35312.102
MinimumVisualStudioVersion = 10.0.40219.1
Project("{FAE04EC0-301F-11D3-BF4B-00C04F79EFBC}") = "Classes 42-46", "Classes 42-46\Classes 42-46.csproj", "{160ADA18-11E6-4171-B321-CE7B03A577BE}"
EndProject
Global
	GlobalSection(SolutionConfigurationPlatforms) = preSolution
		Debug|Any CPU = Debug|Any CPU
		Release|Any CPU = Release|Any CPU
	EndGlobalSection
	GlobalSection(ProjectConfigurationPlatforms) = postSolution
		{160ADA18-11E6-4171-B321-CE7B03A577BE}.Debug|Any CPU.ActiveCfg = Debug|Any CPU
		{160ADA18-11E6-4171-B321-CE7B03A577BE}.Debug|Any CPU.Build.0 = Debug|Any CPU
		{160ADA18-11E6-4171-B321-CE7B03A577BE}.Release|Any CPU.ActiveCfg = Release|Any CPU
		{160ADA18-11E6-4171-B321-CE7B03A577BE}.Release|Any CPU.Build.0 = Release|Any CPU
	EndGlobalSection
	GlobalSection(SolutionProperties) = preSolution
		HideSolutionNode = FALSE
	EndGlobalSection
	GlobalSection(ExtensibilityGlobals) = postSolution
		SolutionGuid = {2A107A48-03E3-4720-B1EA-620DAB8DE20D}
	EndGlobalSection
EndGlobal
